// !$*UTF8*$!
{
	archiveVersion = 1;
	classes = {
	};
	objectVersion = 51;
	objects = {

/* Begin PBXBuildFile section */
		450826A5256211210032E931 /* ViewController.swift in Sources */ = {isa = PBXBuildFile; fileRef = 4508269D256211210032E931 /* ViewController.swift */; };
		450826A9256211210032E931 /* AppDelegate.swift in Sources */ = {isa = PBXBuildFile; fileRef = 450826A3256211210032E931 /* AppDelegate.swift */; };
		450826BA256211530032E931 /* YQDebugModuleProtocol.swift in Sources */ = {isa = PBXBuildFile; fileRef = 450826AE256211530032E931 /* YQDebugModuleProtocol.swift */; };
		450826BB256211530032E931 /* YQDebugModuleBaseURL.swift in Sources */ = {isa = PBXBuildFile; fileRef = 450826AF256211530032E931 /* YQDebugModuleBaseURL.swift */; };
		450826BC256211530032E931 /* YQDebugModuleFLEX.swift in Sources */ = {isa = PBXBuildFile; fileRef = 450826B0256211530032E931 /* YQDebugModuleFLEX.swift */; };
		450826BD256211530032E931 /* YQStringExtension.swift in Sources */ = {isa = PBXBuildFile; fileRef = 450826B1256211530032E931 /* YQStringExtension.swift */; };
		450826BE256211530032E931 /* YQDebugListController.swift in Sources */ = {isa = PBXBuildFile; fileRef = 450826B2256211530032E931 /* YQDebugListController.swift */; };
		450826BF256211530032E931 /* YQFPSLabel.swift in Sources */ = {isa = PBXBuildFile; fileRef = 450826B3256211530032E931 /* YQFPSLabel.swift */; };
		450826C0256211530032E931 /* YQBaseURLController.swift in Sources */ = {isa = PBXBuildFile; fileRef = 450826B4256211530032E931 /* YQBaseURLController.swift */; };
		450826C1256211530032E931 /* YQDebugModuleFPS.swift in Sources */ = {isa = PBXBuildFile; fileRef = 450826B5256211530032E931 /* YQDebugModuleFPS.swift */; };
		450826C2256211530032E931 /* YQDebug.swift in Sources */ = {isa = PBXBuildFile; fileRef = 450826B6256211530032E931 /* YQDebug.swift */; };
		450826C3256211530032E931 /* YQDebugBaseModule.swift in Sources */ = {isa = PBXBuildFile; fileRef = 450826B7256211530032E931 /* YQDebugBaseModule.swift */; };
		450826C4256211530032E931 /* YQUIViewControllerExtension.swift in Sources */ = {isa = PBXBuildFile; fileRef = 450826B8256211530032E931 /* YQUIViewControllerExtension.swift */; };
		450826C5256211530032E931 /* CADisplayLinkExtension.swift in Sources */ = {isa = PBXBuildFile; fileRef = 450826B9256211530032E931 /* CADisplayLinkExtension.swift */; };
		450826CD256213DF0032E931 /* Assets.xcassets in Resources */ = {isa = PBXBuildFile; fileRef = 4508269E256211210032E931 /* Assets.xcassets */; };
		450826CE256213DF0032E931 /* LaunchScreen.storyboard in Resources */ = {isa = PBXBuildFile; fileRef = 4508269F256211210032E931 /* LaunchScreen.storyboard */; };
		450826CF256213DF0032E931 /* Main.storyboard in Resources */ = {isa = PBXBuildFile; fileRef = 450826A1256211210032E931 /* Main.storyboard */; };
		8F83CA0C405CD762366F5030 /* Pods_YQDebugTool.framework in Frameworks */ = {isa = PBXBuildFile; fileRef = FBB730432B2CBC66589146C6 /* Pods_YQDebugTool.framework */; };
/* End PBXBuildFile section */

/* Begin PBXFileReference section */
		4508269D256211210032E931 /* ViewController.swift */ = {isa = PBXFileReference; fileEncoding = 4; lastKnownFileType = sourcecode.swift; path = ViewController.swift; sourceTree = "<group>"; };
		4508269E256211210032E931 /* Assets.xcassets */ = {isa = PBXFileReference; lastKnownFileType = folder.assetcatalog; path = Assets.xcassets; sourceTree = "<group>"; };
		450826A0256211210032E931 /* Base */ = {isa = PBXFileReference; lastKnownFileType = file.storyboard; name = Base; path = Base.lproj/LaunchScreen.storyboard; sourceTree = "<group>"; };
		450826A2256211210032E931 /* Base */ = {isa = PBXFileReference; lastKnownFileType = file.storyboard; name = Base; path = Base.lproj/Main.storyboard; sourceTree = "<group>"; };
		450826A3256211210032E931 /* AppDelegate.swift */ = {isa = PBXFileReference; fileEncoding = 4; lastKnownFileType = sourcecode.swift; path = AppDelegate.swift; sourceTree = "<group>"; };
		450826A4256211210032E931 /* Info.plist */ = {isa = PBXFileReference; fileEncoding = 4; lastKnownFileType = text.plist.xml; path = Info.plist; sourceTree = "<group>"; };
		450826AE256211530032E931 /* YQDebugModuleProtocol.swift */ = {isa = PBXFileReference; fileEncoding = 4; lastKnownFileType = sourcecode.swift; path = YQDebugModuleProtocol.swift; sourceTree = "<group>"; };
		450826AF256211530032E931 /* YQDebugModuleBaseURL.swift */ = {isa = PBXFileReference; fileEncoding = 4; lastKnownFileType = sourcecode.swift; path = YQDebugModuleBaseURL.swift; sourceTree = "<group>"; };
		450826B0256211530032E931 /* YQDebugModuleFLEX.swift */ = {isa = PBXFileReference; fileEncoding = 4; lastKnownFileType = sourcecode.swift; path = YQDebugModuleFLEX.swift; sourceTree = "<group>"; };
		450826B1256211530032E931 /* YQStringExtension.swift */ = {isa = PBXFileReference; fileEncoding = 4; lastKnownFileType = sourcecode.swift; path = YQStringExtension.swift; sourceTree = "<group>"; };
		450826B2256211530032E931 /* YQDebugListController.swift */ = {isa = PBXFileReference; fileEncoding = 4; lastKnownFileType = sourcecode.swift; path = YQDebugListController.swift; sourceTree = "<group>"; };
		450826B3256211530032E931 /* YQFPSLabel.swift */ = {isa = PBXFileReference; fileEncoding = 4; lastKnownFileType = sourcecode.swift; path = YQFPSLabel.swift; sourceTree = "<group>"; };
		450826B4256211530032E931 /* YQBaseURLController.swift */ = {isa = PBXFileReference; fileEncoding = 4; lastKnownFileType = sourcecode.swift; path = YQBaseURLController.swift; sourceTree = "<group>"; };
		450826B5256211530032E931 /* YQDebugModuleFPS.swift */ = {isa = PBXFileReference; fileEncoding = 4; lastKnownFileType = sourcecode.swift; path = YQDebugModuleFPS.swift; sourceTree = "<group>"; };
		450826B6256211530032E931 /* YQDebug.swift */ = {isa = PBXFileReference; fileEncoding = 4; lastKnownFileType = sourcecode.swift; path = YQDebug.swift; sourceTree = "<group>"; };
		450826B7256211530032E931 /* YQDebugBaseModule.swift */ = {isa = PBXFileReference; fileEncoding = 4; lastKnownFileType = sourcecode.swift; path = YQDebugBaseModule.swift; sourceTree = "<group>"; };
		450826B8256211530032E931 /* YQUIViewControllerExtension.swift */ = {isa = PBXFileReference; fileEncoding = 4; lastKnownFileType = sourcecode.swift; path = YQUIViewControllerExtension.swift; sourceTree = "<group>"; };
		450826B9256211530032E931 /* CADisplayLinkExtension.swift */ = {isa = PBXFileReference; fileEncoding = 4; lastKnownFileType = sourcecode.swift; path = CADisplayLinkExtension.swift; sourceTree = "<group>"; };
		454F5A67255E321B0082CC6A /* YQDebugTool.app */ = {isa = PBXFileReference; explicitFileType = wrapper.application; includeInIndex = 0; path = YQDebugTool.app; sourceTree = BUILT_PRODUCTS_DIR; };
		C6750407C03641661DED52ED /* Pods-YQDebugTool.release.xcconfig */ = {isa = PBXFileReference; includeInIndex = 1; lastKnownFileType = text.xcconfig; name = "Pods-YQDebugTool.release.xcconfig"; path = "Target Support Files/Pods-YQDebugTool/Pods-YQDebugTool.release.xcconfig"; sourceTree = "<group>"; };
		ECDD8AA488E594FF62BA4BCA /* Pods-YQDebugTool.debug.xcconfig */ = {isa = PBXFileReference; includeInIndex = 1; lastKnownFileType = text.xcconfig; name = "Pods-YQDebugTool.debug.xcconfig"; path = "Target Support Files/Pods-YQDebugTool/Pods-YQDebugTool.debug.xcconfig"; sourceTree = "<group>"; };
		FBB730432B2CBC66589146C6 /* Pods_YQDebugTool.framework */ = {isa = PBXFileReference; explicitFileType = wrapper.framework; includeInIndex = 0; path = Pods_YQDebugTool.framework; sourceTree = BUILT_PRODUCTS_DIR; };
/* End PBXFileReference section */

/* Begin PBXFrameworksBuildPhase section */
		454F5A64255E321B0082CC6A /* Frameworks */ = {
			isa = PBXFrameworksBuildPhase;
			buildActionMask = 2147483647;
			files = (
				8F83CA0C405CD762366F5030 /* Pods_YQDebugTool.framework in Frameworks */,
			);
			runOnlyForDeploymentPostprocessing = 0;
		};
/* End PBXFrameworksBuildPhase section */

/* Begin PBXGroup section */
		09C3366044EAA34010F6D059 /* Pods */ = {
			isa = PBXGroup;
			children = (
				ECDD8AA488E594FF62BA4BCA /* Pods-YQDebugTool.debug.xcconfig */,
				C6750407C03641661DED52ED /* Pods-YQDebugTool.release.xcconfig */,
			);
			path = Pods;
			sourceTree = "<group>";
		};
		4508269C256211210032E931 /* YQDebugDemo */ = {
			isa = PBXGroup;
			children = (
				4508269D256211210032E931 /* ViewController.swift */,
				4508269E256211210032E931 /* Assets.xcassets */,
				4508269F256211210032E931 /* LaunchScreen.storyboard */,
				450826A1256211210032E931 /* Main.storyboard */,
				450826A3256211210032E931 /* AppDelegate.swift */,
				450826A4256211210032E931 /* Info.plist */,
			);
			path = YQDebugDemo;
			sourceTree = "<group>";
		};
		454F5A5E255E321B0082CC6A = {
			isa = PBXGroup;
			children = (
				4508269C256211210032E931 /* YQDebugDemo */,
				454F5A69255E321B0082CC6A /* YQDebugTool */,
				454F5A68255E321B0082CC6A /* Products */,
				09C3366044EAA34010F6D059 /* Pods */,
				E307B015462C8C7C3CB92DFB /* Frameworks */,
			);
			sourceTree = "<group>";
		};
		454F5A68255E321B0082CC6A /* Products */ = {
			isa = PBXGroup;
			children = (
				454F5A67255E321B0082CC6A /* YQDebugTool.app */,
			);
			name = Products;
			sourceTree = "<group>";
		};
		454F5A69255E321B0082CC6A /* YQDebugTool */ = {
			isa = PBXGroup;
			children = (
				450826B9256211530032E931 /* CADisplayLinkExtension.swift */,
				450826B4256211530032E931 /* YQBaseURLController.swift */,
				450826B6256211530032E931 /* YQDebug.swift */,
				450826B7256211530032E931 /* YQDebugBaseModule.swift */,
				450826B2256211530032E931 /* YQDebugListController.swift */,
				450826AF256211530032E931 /* YQDebugModuleBaseURL.swift */,
				450826B0256211530032E931 /* YQDebugModuleFLEX.swift */,
				450826B5256211530032E931 /* YQDebugModuleFPS.swift */,
				450826AE256211530032E931 /* YQDebugModuleProtocol.swift */,
				450826B3256211530032E931 /* YQFPSLabel.swift */,
				450826B1256211530032E931 /* YQStringExtension.swift */,
				450826B8256211530032E931 /* YQUIViewControllerExtension.swift */,
			);
			path = YQDebugTool;
			sourceTree = "<group>";
		};
		E307B015462C8C7C3CB92DFB /* Frameworks */ = {
			isa = PBXGroup;
			children = (
				FBB730432B2CBC66589146C6 /* Pods_YQDebugTool.framework */,
			);
			name = Frameworks;
			sourceTree = "<group>";
		};
/* End PBXGroup section */

/* Begin PBXNativeTarget section */
		454F5A66255E321B0082CC6A /* YQDebugTool */ = {
			isa = PBXNativeTarget;
			buildConfigurationList = 454F5A7B255E321C0082CC6A /* Build configuration list for PBXNativeTarget "YQDebugTool" */;
			buildPhases = (
				7C4C2B17B0E4DF4071940477 /* [CP] Check Pods Manifest.lock */,
				454F5A63255E321B0082CC6A /* Sources */,
				454F5A64255E321B0082CC6A /* Frameworks */,
				454F5A65255E321B0082CC6A /* Resources */,
				4F0F586A9A79A9353A771399 /* [CP] Embed Pods Frameworks */,
			);
			buildRules = (
			);
			dependencies = (
			);
			name = YQDebugTool;
			productName = YQDebugTool;
			productReference = 454F5A67255E321B0082CC6A /* YQDebugTool.app */;
			productType = "com.apple.product-type.application";
		};
/* End PBXNativeTarget section */

/* Begin PBXProject section */
		454F5A5F255E321B0082CC6A /* Project object */ = {
			isa = PBXProject;
			attributes = {
				LastSwiftUpdateCheck = 1210;
				LastUpgradeCheck = 1210;
				TargetAttributes = {
					454F5A66255E321B0082CC6A = {
						CreatedOnToolsVersion = 12.1;
					};
				};
			};
			buildConfigurationList = 454F5A62255E321B0082CC6A /* Build configuration list for PBXProject "YQDebugTool" */;
			compatibilityVersion = "Xcode 9.3";
			developmentRegion = en;
			hasScannedForEncodings = 0;
			knownRegions = (
				en,
				Base,
			);
			mainGroup = 454F5A5E255E321B0082CC6A;
			productRefGroup = 454F5A68255E321B0082CC6A /* Products */;
			projectDirPath = "";
			projectRoot = "";
			targets = (
				454F5A66255E321B0082CC6A /* YQDebugTool */,
			);
		};
/* End PBXProject section */

/* Begin PBXResourcesBuildPhase section */
		454F5A65255E321B0082CC6A /* Resources */ = {
			isa = PBXResourcesBuildPhase;
			buildActionMask = 2147483647;
			files = (
				450826CD256213DF0032E931 /* Assets.xcassets in Resources */,
				450826CE256213DF0032E931 /* LaunchScreen.storyboard in Resources */,
				450826CF256213DF0032E931 /* Main.storyboard in Resources */,
			);
			runOnlyForDeploymentPostprocessing = 0;
		};
/* End PBXResourcesBuildPhase section */

/* Begin PBXShellScriptBuildPhase section */
		4F0F586A9A79A9353A771399 /* [CP] Embed Pods Frameworks */ = {
			isa = PBXShellScriptBuildPhase;
			buildActionMask = 2147483647;
			files = (
			);
			inputFileListPaths = (
				"${PODS_ROOT}/Target Support Files/Pods-YQDebugTool/Pods-YQDebugTool-frameworks-${CONFIGURATION}-input-files.xcfilelist",
			);
			name = "[CP] Embed Pods Frameworks";
			outputFileListPaths = (
				"${PODS_ROOT}/Target Support Files/Pods-YQDebugTool/Pods-YQDebugTool-frameworks-${CONFIGURATION}-output-files.xcfilelist",
			);
			runOnlyForDeploymentPostprocessing = 0;
			shellPath = /bin/sh;
			shellScript = "\"${PODS_ROOT}/Target Support Files/Pods-YQDebugTool/Pods-YQDebugTool-frameworks.sh\"\n";
			showEnvVarsInLog = 0;
		};
		7C4C2B17B0E4DF4071940477 /* [CP] Check Pods Manifest.lock */ = {
			isa = PBXShellScriptBuildPhase;
			buildActionMask = 2147483647;
			files = (
			);
			inputFileListPaths = (
			);
			inputPaths = (
				"${PODS_PODFILE_DIR_PATH}/Podfile.lock",
				"${PODS_ROOT}/Manifest.lock",
			);
			name = "[CP] Check Pods Manifest.lock";
			outputFileListPaths = (
			);
			outputPaths = (
				"$(DERIVED_FILE_DIR)/Pods-YQDebugTool-checkManifestLockResult.txt",
			);
			runOnlyForDeploymentPostprocessing = 0;
			shellPath = /bin/sh;
			shellScript = "diff \"${PODS_PODFILE_DIR_PATH}/Podfile.lock\" \"${PODS_ROOT}/Manifest.lock\" > /dev/null\nif [ $? != 0 ] ; then\n    # print error to STDERR\n    echo \"error: The sandbox is not in sync with the Podfile.lock. Run 'pod install' or update your CocoaPods installation.\" >&2\n    exit 1\nfi\n# This output is used by Xcode 'outputs' to avoid re-running this script phase.\necho \"SUCCESS\" > \"${SCRIPT_OUTPUT_FILE_0}\"\n";
			showEnvVarsInLog = 0;
		};
/* End PBXShellScriptBuildPhase section */

/* Begin PBXSourcesBuildPhase section */
		454F5A63255E321B0082CC6A /* Sources */ = {
			isa = PBXSourcesBuildPhase;
			buildActionMask = 2147483647;
			files = (
				450826A9256211210032E931 /* AppDelegate.swift in Sources */,
				450826C1256211530032E931 /* YQDebugModuleFPS.swift in Sources */,
				450826C5256211530032E931 /* CADisplayLinkExtension.swift in Sources */,
				450826BA256211530032E931 /* YQDebugModuleProtocol.swift in Sources */,
				450826BD256211530032E931 /* YQStringExtension.swift in Sources */,
				450826C3256211530032E931 /* YQDebugBaseModule.swift in Sources */,
				450826BB256211530032E931 /* YQDebugModuleBaseURL.swift in Sources */,
				450826A5256211210032E931 /* ViewController.swift in Sources */,
				450826C4256211530032E931 /* YQUIViewControllerExtension.swift in Sources */,
				450826BE256211530032E931 /* YQDebugListController.swift in Sources */,
				450826BF256211530032E931 /* YQFPSLabel.swift in Sources */,
				450826C2256211530032E931 /* YQDebug.swift in Sources */,
				450826BC256211530032E931 /* YQDebugModuleFLEX.swift in Sources */,
				450826C0256211530032E931 /* YQBaseURLController.swift in Sources */,
			);
			runOnlyForDeploymentPostprocessing = 0;
		};
/* End PBXSourcesBuildPhase section */

/* Begin PBXVariantGroup section */
		4508269F256211210032E931 /* LaunchScreen.storyboard */ = {
			isa = PBXVariantGroup;
			children = (
				450826A0256211210032E931 /* Base */,
			);
			name = LaunchScreen.storyboard;
			sourceTree = "<group>";
		};
		450826A1256211210032E931 /* Main.storyboard */ = {
			isa = PBXVariantGroup;
			children = (
				450826A2256211210032E931 /* Base */,
			);
			name = Main.storyboard;
			sourceTree = "<group>";
		};
/* End PBXVariantGroup section */

/* Begin XCBuildConfiguration section */
		454F5A79255E321C0082CC6A /* Debug */ = {
			isa = XCBuildConfiguration;
			buildSettings = {
				ALWAYS_SEARCH_USER_PATHS = NO;
				CLANG_ANALYZER_NONNULL = YES;
				CLANG_ANALYZER_NUMBER_OBJECT_CONVERSION = YES_AGGRESSIVE;
				CLANG_CXX_LANGUAGE_STANDARD = "gnu++14";
				CLANG_CXX_LIBRARY = "libc++";
				CLANG_ENABLE_MODULES = YES;
				CLANG_ENABLE_OBJC_ARC = YES;
				CLANG_ENABLE_OBJC_WEAK = YES;
				CLANG_WARN_BLOCK_CAPTURE_AUTORELEASING = YES;
				CLANG_WARN_BOOL_CONVERSION = YES;
				CLANG_WARN_COMMA = YES;
				CLANG_WARN_CONSTANT_CONVERSION = YES;
				CLANG_WARN_DEPRECATED_OBJC_IMPLEMENTATIONS = YES;
				CLANG_WARN_DIRECT_OBJC_ISA_USAGE = YES_ERROR;
				CLANG_WARN_DOCUMENTATION_COMMENTS = YES;
				CLANG_WARN_EMPTY_BODY = YES;
				CLANG_WARN_ENUM_CONVERSION = YES;
				CLANG_WARN_INFINITE_RECURSION = YES;
				CLANG_WARN_INT_CONVERSION = YES;
				CLANG_WARN_NON_LITERAL_NULL_CONVERSION = YES;
				CLANG_WARN_OBJC_IMPLICIT_RETAIN_SELF = YES;
				CLANG_WARN_OBJC_LITERAL_CONVERSION = YES;
				CLANG_WARN_OBJC_ROOT_CLASS = YES_ERROR;
				CLANG_WARN_QUOTED_INCLUDE_IN_FRAMEWORK_HEADER = YES;
				CLANG_WARN_RANGE_LOOP_ANALYSIS = YES;
				CLANG_WARN_STRICT_PROTOTYPES = YES;
				CLANG_WARN_SUSPICIOUS_MOVE = YES;
				CLANG_WARN_UNGUARDED_AVAILABILITY = YES_AGGRESSIVE;
				CLANG_WARN_UNREACHABLE_CODE = YES;
				CLANG_WARN__DUPLICATE_METHOD_MATCH = YES;
				COPY_PHASE_STRIP = NO;
				DEBUG_INFORMATION_FORMAT = dwarf;
				ENABLE_STRICT_OBJC_MSGSEND = YES;
				ENABLE_TESTABILITY = YES;
				GCC_C_LANGUAGE_STANDARD = gnu11;
				GCC_DYNAMIC_NO_PIC = NO;
				GCC_NO_COMMON_BLOCKS = YES;
				GCC_OPTIMIZATION_LEVEL = 0;
				GCC_PREPROCESSOR_DEFINITIONS = (
					"DEBUG=1",
					"$(inherited)",
				);
				GCC_WARN_64_TO_32_BIT_CONVERSION = YES;
				GCC_WARN_ABOUT_RETURN_TYPE = YES_ERROR;
				GCC_WARN_UNDECLARED_SELECTOR = YES;
				GCC_WARN_UNINITIALIZED_AUTOS = YES_AGGRESSIVE;
				GCC_WARN_UNUSED_FUNCTION = YES;
				GCC_WARN_UNUSED_VARIABLE = YES;
				IPHONEOS_DEPLOYMENT_TARGET = 14.1;
				MTL_ENABLE_DEBUG_INFO = INCLUDE_SOURCE;
				MTL_FAST_MATH = YES;
				ONLY_ACTIVE_ARCH = YES;
				SDKROOT = iphoneos;
				SWIFT_ACTIVE_COMPILATION_CONDITIONS = DEBUG;
				SWIFT_OPTIMIZATION_LEVEL = "-Onone";
			};
			name = Debug;
		};
		454F5A7A255E321C0082CC6A /* Release */ = {
			isa = XCBuildConfiguration;
			buildSettings = {
				ALWAYS_SEARCH_USER_PATHS = NO;
				CLANG_ANALYZER_NONNULL = YES;
				CLANG_ANALYZER_NUMBER_OBJECT_CONVERSION = YES_AGGRESSIVE;
				CLANG_CXX_LANGUAGE_STANDARD = "gnu++14";
				CLANG_CXX_LIBRARY = "libc++";
				CLANG_ENABLE_MODULES = YES;
				CLANG_ENABLE_OBJC_ARC = YES;
				CLANG_ENABLE_OBJC_WEAK = YES;
				CLANG_WARN_BLOCK_CAPTURE_AUTORELEASING = YES;
				CLANG_WARN_BOOL_CONVERSION = YES;
				CLANG_WARN_COMMA = YES;
				CLANG_WARN_CONSTANT_CONVERSION = YES;
				CLANG_WARN_DEPRECATED_OBJC_IMPLEMENTATIONS = YES;
				CLANG_WARN_DIRECT_OBJC_ISA_USAGE = YES_ERROR;
				CLANG_WARN_DOCUMENTATION_COMMENTS = YES;
				CLANG_WARN_EMPTY_BODY = YES;
				CLANG_WARN_ENUM_CONVERSION = YES;
				CLANG_WARN_INFINITE_RECURSION = YES;
				CLANG_WARN_INT_CONVERSION = YES;
				CLANG_WARN_NON_LITERAL_NULL_CONVERSION = YES;
				CLANG_WARN_OBJC_IMPLICIT_RETAIN_SELF = YES;
				CLANG_WARN_OBJC_LITERAL_CONVERSION = YES;
				CLANG_WARN_OBJC_ROOT_CLASS = YES_ERROR;
				CLANG_WARN_QUOTED_INCLUDE_IN_FRAMEWORK_HEADER = YES;
				CLANG_WARN_RANGE_LOOP_ANALYSIS = YES;
				CLANG_WARN_STRICT_PROTOTYPES = YES;
				CLANG_WARN_SUSPICIOUS_MOVE = YES;
				CLANG_WARN_UNGUARDED_AVAILABILITY = YES_AGGRESSIVE;
				CLANG_WARN_UNREACHABLE_CODE = YES;
				CLANG_WARN__DUPLICATE_METHOD_MATCH = YES;
				COPY_PHASE_STRIP = NO;
				DEBUG_INFORMATION_FORMAT = "dwarf-with-dsym";
				ENABLE_NS_ASSERTIONS = NO;
				ENABLE_STRICT_OBJC_MSGSEND = YES;
				GCC_C_LANGUAGE_STANDARD = gnu11;
				GCC_NO_COMMON_BLOCKS = YES;
				GCC_WARN_64_TO_32_BIT_CONVERSION = YES;
				GCC_WARN_ABOUT_RETURN_TYPE = YES_ERROR;
				GCC_WARN_UNDECLARED_SELECTOR = YES;
				GCC_WARN_UNINITIALIZED_AUTOS = YES_AGGRESSIVE;
				GCC_WARN_UNUSED_FUNCTION = YES;
				GCC_WARN_UNUSED_VARIABLE = YES;
				IPHONEOS_DEPLOYMENT_TARGET = 14.1;
				MTL_ENABLE_DEBUG_INFO = NO;
				MTL_FAST_MATH = YES;
				SDKROOT = iphoneos;
				SWIFT_COMPILATION_MODE = wholemodule;
				SWIFT_OPTIMIZATION_LEVEL = "-O";
				VALIDATE_PRODUCT = YES;
			};
			name = Release;
		};
		454F5A7C255E321C0082CC6A /* Debug */ = {
			isa = XCBuildConfiguration;
			baseConfigurationReference = ECDD8AA488E594FF62BA4BCA /* Pods-YQDebugTool.debug.xcconfig */;
			buildSettings = {
				ASSETCATALOG_COMPILER_APPICON_NAME = AppIcon;
				ASSETCATALOG_COMPILER_GLOBAL_ACCENT_COLOR_NAME = AccentColor;
				CODE_SIGN_STYLE = Automatic;
				DEVELOPMENT_TEAM = AVVHC4G6JC;
				INFOPLIST_FILE = "$(SRCROOT)/YQDebugDemo/Info.plist";
				IPHONEOS_DEPLOYMENT_TARGET = 9.0;
				LD_RUNPATH_SEARCH_PATHS = (
					"$(inherited)",
					"@executable_path/Frameworks",
				);
				PRODUCT_BUNDLE_IDENTIFIER = guoyuqi.com.YQDebugTool;
				PRODUCT_NAME = "$(TARGET_NAME)";
				SWIFT_VERSION = 5.0;
				TARGETED_DEVICE_FAMILY = "1,2";
			};
			name = Debug;
		};
		454F5A7D255E321C0082CC6A /* Release */ = {
			isa = XCBuildConfiguration;
			baseConfigurationReference = C6750407C03641661DED52ED /* Pods-YQDebugTool.release.xcconfig */;
			buildSettings = {
				ASSETCATALOG_COMPILER_APPICON_NAME = AppIcon;
				ASSETCATALOG_COMPILER_GLOBAL_ACCENT_COLOR_NAME = AccentColor;
				CODE_SIGN_STYLE = Automatic;
				DEVELOPMENT_TEAM = AVVHC4G6JC;
				INFOPLIST_FILE = "$(SRCROOT)/YQDebugDemo/Info.plist";
				IPHONEOS_DEPLOYMENT_TARGET = 9.0;
				LD_RUNPATH_SEARCH_PATHS = (
					"$(inherited)",
					"@executable_path/Frameworks",
				);
				PRODUCT_BUNDLE_IDENTIFIER = guoyuqi.com.YQDebugTool;
				PRODUCT_NAME = "$(TARGET_NAME)";
				SWIFT_VERSION = 5.0;
				TARGETED_DEVICE_FAMILY = "1,2";
			};
			name = Release;
		};
/* End XCBuildConfiguration section */

/* Begin XCConfigurationList section */
		454F5A62255E321B0082CC6A /* Build configuration list for PBXProject "YQDebugTool" */ = {
			isa = XCConfigurationList;
			buildConfigurations = (
				454F5A79255E321C0082CC6A /* Debug */,
				454F5A7A255E321C0082CC6A /* Release */,
			);
			defaultConfigurationIsVisible = 0;
			defaultConfigurationName = Release;
		};
		454F5A7B255E321C0082CC6A /* Build configuration list for PBXNativeTarget "YQDebugTool" */ = {
			isa = XCConfigurationList;
			buildConfigurations = (
				454F5A7C255E321C0082CC6A /* Debug */,
				454F5A7D255E321C0082CC6A /* Release */,
			);
			defaultConfigurationIsVisible = 0;
			defaultConfigurationName = Release;
		};
/* End XCConfigurationList section */
	};
	rootObject = 454F5A5F255E321B0082CC6A /* Project object */;
}
